
Microsoft Visual Studio Solution File, Format Version 12.00
# Visual Studio Version 17
VisualStudioVersion = 17.3.32819.101
MinimumVisualStudioVersion = 10.0.40219.1
Project("{FAE04EC0-301F-11D3-BF4B-00C04F79EFBC}") = "ex001 - ProjetoMVC", "ex001 - ProjetoMVC\ex001 - ProjetoMVC.csproj", "{4F4DC916-C7C4-49A3-AF9E-B93061535922}"
EndProject
Global
	GlobalSection(SolutionConfigurationPlatforms) = preSolution
		Debug|Any CPU = Debug|Any CPU
		Release|Any CPU = Release|Any CPU
	EndGlobalSection
	GlobalSection(ProjectConfigurationPlatforms) = postSolution
		{4F4DC916-C7C4-49A3-AF9E-B93061535922}.Debug|Any CPU.ActiveCfg = Debug|Any CPU
		{4F4DC916-C7C4-49A3-AF9E-B93061535922}.Debug|Any CPU.Build.0 = Debug|Any CPU
		{4F4DC916-C7C4-49A3-AF9E-B93061535922}.Release|Any CPU.ActiveCfg = Release|Any CPU
		{4F4DC916-C7C4-49A3-AF9E-B93061535922}.Release|Any CPU.Build.0 = Release|Any CPU
	EndGlobalSection
	GlobalSection(SolutionProperties) = preSolution
		HideSolutionNode = FALSE
	EndGlobalSection
	GlobalSection(ExtensibilityGlobals) = postSolution
		SolutionGuid = {38DE862D-DDEB-4D97-9DF7-25D13D1DEEB2}
	EndGlobalSection
EndGlobal
