
Microsoft Visual Studio Solution File, Format Version 12.00
# Visual Studio Version 17
VisualStudioVersion = 17.3.32819.101
MinimumVisualStudioVersion = 10.0.40219.1
Project("{FAE04EC0-301F-11D3-BF4B-00C04F79EFBC}") = "Tabuada3", "Tabuada3\Tabuada3.csproj", "{826D9625-0917-43E1-A094-F2745EEC4A05}"
EndProject
Global
	GlobalSection(SolutionConfigurationPlatforms) = preSolution
		Debug|Any CPU = Debug|Any CPU
		Release|Any CPU = Release|Any CPU
	EndGlobalSection
	GlobalSection(ProjectConfigurationPlatforms) = postSolution
		{826D9625-0917-43E1-A094-F2745EEC4A05}.Debug|Any CPU.ActiveCfg = Debug|Any CPU
		{826D9625-0917-43E1-A094-F2745EEC4A05}.Debug|Any CPU.Build.0 = Debug|Any CPU
		{826D9625-0917-43E1-A094-F2745EEC4A05}.Release|Any CPU.ActiveCfg = Release|Any CPU
		{826D9625-0917-43E1-A094-F2745EEC4A05}.Release|Any CPU.Build.0 = Release|Any CPU
	EndGlobalSection
	GlobalSection(SolutionProperties) = preSolution
		HideSolutionNode = FALSE
	EndGlobalSection
	GlobalSection(ExtensibilityGlobals) = postSolution
		SolutionGuid = {DD9D4B1F-2B26-49EA-A1F1-247C63614E31}
	EndGlobalSection
EndGlobal
