
Microsoft Visual Studio Solution File, Format Version 12.00
# Visual Studio Version 17
VisualStudioVersion = 17.2.32630.192
MinimumVisualStudioVersion = 10.0.40219.1
Project("{FAE04EC0-301F-11D3-BF4B-00C04F79EFBC}") = "ex002", "ex002\ex002.csproj", "{C7EA3637-D1BB-447C-8962-992730AB0E81}"
EndProject
Global
	GlobalSection(SolutionConfigurationPlatforms) = preSolution
		Debug|Any CPU = Debug|Any CPU
		Release|Any CPU = Release|Any CPU
	EndGlobalSection
	GlobalSection(ProjectConfigurationPlatforms) = postSolution
		{C7EA3637-D1BB-447C-8962-992730AB0E81}.Debug|Any CPU.ActiveCfg = Debug|Any CPU
		{C7EA3637-D1BB-447C-8962-992730AB0E81}.Debug|Any CPU.Build.0 = Debug|Any CPU
		{C7EA3637-D1BB-447C-8962-992730AB0E81}.Release|Any CPU.ActiveCfg = Release|Any CPU
		{C7EA3637-D1BB-447C-8962-992730AB0E81}.Release|Any CPU.Build.0 = Release|Any CPU
	EndGlobalSection
	GlobalSection(SolutionProperties) = preSolution
		HideSolutionNode = FALSE
	EndGlobalSection
	GlobalSection(ExtensibilityGlobals) = postSolution
		SolutionGuid = {E8D150F1-C54E-4216-88D2-8AE23679E973}
	EndGlobalSection
EndGlobal
