
Microsoft Visual Studio Solution File, Format Version 12.00
# Visual Studio Version 17
VisualStudioVersion = 17.3.32819.101
MinimumVisualStudioVersion = 10.0.40219.1
Project("{FAE04EC0-301F-11D3-BF4B-00C04F79EFBC}") = "Comentários", "Comentários\Comentários.csproj", "{18922370-ADD4-4DC1-8E26-6A1B4A4F24D8}"
EndProject
Global
	GlobalSection(SolutionConfigurationPlatforms) = preSolution
		Debug|Any CPU = Debug|Any CPU
		Release|Any CPU = Release|Any CPU
	EndGlobalSection
	GlobalSection(ProjectConfigurationPlatforms) = postSolution
		{18922370-ADD4-4DC1-8E26-6A1B4A4F24D8}.Debug|Any CPU.ActiveCfg = Debug|Any CPU
		{18922370-ADD4-4DC1-8E26-6A1B4A4F24D8}.Debug|Any CPU.Build.0 = Debug|Any CPU
		{18922370-ADD4-4DC1-8E26-6A1B4A4F24D8}.Release|Any CPU.ActiveCfg = Release|Any CPU
		{18922370-ADD4-4DC1-8E26-6A1B4A4F24D8}.Release|Any CPU.Build.0 = Release|Any CPU
	EndGlobalSection
	GlobalSection(SolutionProperties) = preSolution
		HideSolutionNode = FALSE
	EndGlobalSection
	GlobalSection(ExtensibilityGlobals) = postSolution
		SolutionGuid = {1C95D79E-02FE-4602-BF07-81B70B5DDA2D}
	EndGlobalSection
EndGlobal
