
Microsoft Visual Studio Solution File, Format Version 12.00
# Visual Studio Version 17
VisualStudioVersion = 17.3.32819.101
MinimumVisualStudioVersion = 10.0.40219.1
Project("{FAE04EC0-301F-11D3-BF4B-00C04F79EFBC}") = "Convertendo Valores", "Convertendo Valores\Convertendo Valores.csproj", "{72596489-8EC3-4B45-8230-78F6130B7044}"
EndProject
Global
	GlobalSection(SolutionConfigurationPlatforms) = preSolution
		Debug|Any CPU = Debug|Any CPU
		Release|Any CPU = Release|Any CPU
	EndGlobalSection
	GlobalSection(ProjectConfigurationPlatforms) = postSolution
		{72596489-8EC3-4B45-8230-78F6130B7044}.Debug|Any CPU.ActiveCfg = Debug|Any CPU
		{72596489-8EC3-4B45-8230-78F6130B7044}.Debug|Any CPU.Build.0 = Debug|Any CPU
		{72596489-8EC3-4B45-8230-78F6130B7044}.Release|Any CPU.ActiveCfg = Release|Any CPU
		{72596489-8EC3-4B45-8230-78F6130B7044}.Release|Any CPU.Build.0 = Release|Any CPU
	EndGlobalSection
	GlobalSection(SolutionProperties) = preSolution
		HideSolutionNode = FALSE
	EndGlobalSection
	GlobalSection(ExtensibilityGlobals) = postSolution
		SolutionGuid = {E6A1B6E4-68B1-4B7C-AFA8-7D96D068039B}
	EndGlobalSection
EndGlobal
