
Microsoft Visual Studio Solution File, Format Version 12.00
# Visual Studio Version 17
VisualStudioVersion = 17.3.32819.101
MinimumVisualStudioVersion = 10.0.40219.1
Project("{FAE04EC0-301F-11D3-BF4B-00C04F79EFBC}") = "Laço de Repetição", "Laço de Repetição\Laço de Repetição.csproj", "{09168BCE-5ED0-49C6-B83D-18519890F237}"
EndProject
Global
	GlobalSection(SolutionConfigurationPlatforms) = preSolution
		Debug|Any CPU = Debug|Any CPU
		Release|Any CPU = Release|Any CPU
	EndGlobalSection
	GlobalSection(ProjectConfigurationPlatforms) = postSolution
		{09168BCE-5ED0-49C6-B83D-18519890F237}.Debug|Any CPU.ActiveCfg = Debug|Any CPU
		{09168BCE-5ED0-49C6-B83D-18519890F237}.Debug|Any CPU.Build.0 = Debug|Any CPU
		{09168BCE-5ED0-49C6-B83D-18519890F237}.Release|Any CPU.ActiveCfg = Release|Any CPU
		{09168BCE-5ED0-49C6-B83D-18519890F237}.Release|Any CPU.Build.0 = Release|Any CPU
	EndGlobalSection
	GlobalSection(SolutionProperties) = preSolution
		HideSolutionNode = FALSE
	EndGlobalSection
	GlobalSection(ExtensibilityGlobals) = postSolution
		SolutionGuid = {C03307E0-A2CF-4337-BF10-593E11285B92}
	EndGlobalSection
EndGlobal
